
Microsoft Visual Studio Solution File, Format Version 12.00
# Visual Studio Version 17
VisualStudioVersion = 17.1.32210.238
MinimumVisualStudioVersion = 10.0.40219.1
Project("{FAE04EC0-301F-11D3-BF4B-00C04F79EFBC}") = "Lession1Task1FW", "Lession1Task1FW\Lession1Task1FW.csproj", "{AC238217-57E0-4880-BBFE-A84671266B2B}"
EndProject
Project("{FAE04EC0-301F-11D3-BF4B-00C04F79EFBC}") = "Lession2Task1235", "Lession2Task1235\Lession2Task1235.csproj", "{98ABD931-D38D-45D5-8BA2-D8438BCAE082}"
EndProject
Project("{FAE04EC0-301F-11D3-BF4B-00C04F79EFBC}") = "Lession6Task1FW", "Lession6Task1FW\Lession6Task1FW.csproj", "{1D886ED4-1A5A-4D37-8F87-91D842BE95DE}"
EndProject
Project("{FAE04EC0-301F-11D3-BF4B-00C04F79EFBC}") = "Lession8", "Lession8\Lession8.csproj", "{01244A73-5C60-4EB0-BD44-391CA17C7FEE}"
EndProject
Project("{FAE04EC0-301F-11D3-BF4B-00C04F79EFBC}") = "Lession5Task1_2_3FW", "Lession5Task1_2_3FW\Lession5Task1_2_3FW.csproj", "{A0B314E0-A73B-46C0-9685-E55D350EF539}"
EndProject
Global
	GlobalSection(SolutionConfigurationPlatforms) = preSolution
		Debug|Any CPU = Debug|Any CPU
		Release|Any CPU = Release|Any CPU
	EndGlobalSection
	GlobalSection(ProjectConfigurationPlatforms) = postSolution
		{AC238217-57E0-4880-BBFE-A84671266B2B}.Debug|Any CPU.ActiveCfg = Debug|Any CPU
		{AC238217-57E0-4880-BBFE-A84671266B2B}.Debug|Any CPU.Build.0 = Debug|Any CPU
		{AC238217-57E0-4880-BBFE-A84671266B2B}.Release|Any CPU.ActiveCfg = Release|Any CPU
		{AC238217-57E0-4880-BBFE-A84671266B2B}.Release|Any CPU.Build.0 = Release|Any CPU
		{98ABD931-D38D-45D5-8BA2-D8438BCAE082}.Debug|Any CPU.ActiveCfg = Debug|Any CPU
		{98ABD931-D38D-45D5-8BA2-D8438BCAE082}.Debug|Any CPU.Build.0 = Debug|Any CPU
		{98ABD931-D38D-45D5-8BA2-D8438BCAE082}.Release|Any CPU.ActiveCfg = Release|Any CPU
		{98ABD931-D38D-45D5-8BA2-D8438BCAE082}.Release|Any CPU.Build.0 = Release|Any CPU
		{1D886ED4-1A5A-4D37-8F87-91D842BE95DE}.Debug|Any CPU.ActiveCfg = Debug|Any CPU
		{1D886ED4-1A5A-4D37-8F87-91D842BE95DE}.Debug|Any CPU.Build.0 = Debug|Any CPU
		{1D886ED4-1A5A-4D37-8F87-91D842BE95DE}.Release|Any CPU.ActiveCfg = Release|Any CPU
		{1D886ED4-1A5A-4D37-8F87-91D842BE95DE}.Release|Any CPU.Build.0 = Release|Any CPU
		{01244A73-5C60-4EB0-BD44-391CA17C7FEE}.Debug|Any CPU.ActiveCfg = Debug|Any CPU
		{01244A73-5C60-4EB0-BD44-391CA17C7FEE}.Debug|Any CPU.Build.0 = Debug|Any CPU
		{01244A73-5C60-4EB0-BD44-391CA17C7FEE}.Release|Any CPU.ActiveCfg = Release|Any CPU
		{01244A73-5C60-4EB0-BD44-391CA17C7FEE}.Release|Any CPU.Build.0 = Release|Any CPU
		{A0B314E0-A73B-46C0-9685-E55D350EF539}.Debug|Any CPU.ActiveCfg = Debug|Any CPU
		{A0B314E0-A73B-46C0-9685-E55D350EF539}.Debug|Any CPU.Build.0 = Debug|Any CPU
		{A0B314E0-A73B-46C0-9685-E55D350EF539}.Release|Any CPU.ActiveCfg = Release|Any CPU
		{A0B314E0-A73B-46C0-9685-E55D350EF539}.Release|Any CPU.Build.0 = Release|Any CPU
	EndGlobalSection
	GlobalSection(SolutionProperties) = preSolution
		HideSolutionNode = FALSE
	EndGlobalSection
	GlobalSection(ExtensibilityGlobals) = postSolution
		SolutionGuid = {24A86CF4-BA6F-47ED-9541-347C62E4B6D0}
	EndGlobalSection
EndGlobal
